
Microsoft Visual Studio Solution File, Format Version 12.00
# Visual Studio Version 17
VisualStudioVersion = 17.14.36301.6 d17.14
MinimumVisualStudioVersion = 10.0.40219.1
Project("{FAE04EC0-301F-11D3-BF4B-00C04F79EFBC}") = "yusafir", "yusafir\yusafir.csproj", "{61EDBECA-C157-4B86-8FFA-C05266491B6D}"
EndProject
Global
	GlobalSection(SolutionConfigurationPlatforms) = preSolution
		Debug|Any CPU = Debug|Any CPU
		Release|Any CPU = Release|Any CPU
	EndGlobalSection
	GlobalSection(ProjectConfigurationPlatforms) = postSolution
		{61EDBECA-C157-4B86-8FFA-C05266491B6D}.Debug|Any CPU.ActiveCfg = Debug|Any CPU
		{61EDBECA-C157-4B86-8FFA-C05266491B6D}.Debug|Any CPU.Build.0 = Debug|Any CPU
		{61EDBECA-C157-4B86-8FFA-C05266491B6D}.Release|Any CPU.ActiveCfg = Release|Any CPU
		{61EDBECA-C157-4B86-8FFA-C05266491B6D}.Release|Any CPU.Build.0 = Release|Any CPU
	EndGlobalSection
	GlobalSection(SolutionProperties) = preSolution
		HideSolutionNode = FALSE
	EndGlobalSection
	GlobalSection(ExtensibilityGlobals) = postSolution
		SolutionGuid = {B4F189E6-2082-4215-9286-79DCA9E3CF08}
	EndGlobalSection
EndGlobal
